
Microsoft Visual Studio Solution File, Format Version 12.00
# Visual Studio Version 17
VisualStudioVersion = 17.4.33122.133
MinimumVisualStudioVersion = 10.0.40219.1
Project("{FAE04EC0-301F-11D3-BF4B-00C04F79EFBC}") = "EmployeeWagess", "EmployeeWagess\EmployeeWagess.csproj", "{64ADE625-2B40-4B98-87B1-36B01060469B}"
EndProject
Global
	GlobalSection(SolutionConfigurationPlatforms) = preSolution
		Debug|Any CPU = Debug|Any CPU
		Release|Any CPU = Release|Any CPU
	EndGlobalSection
	GlobalSection(ProjectConfigurationPlatforms) = postSolution
		{64ADE625-2B40-4B98-87B1-36B01060469B}.Debug|Any CPU.ActiveCfg = Debug|Any CPU
		{64ADE625-2B40-4B98-87B1-36B01060469B}.Debug|Any CPU.Build.0 = Debug|Any CPU
		{64ADE625-2B40-4B98-87B1-36B01060469B}.Release|Any CPU.ActiveCfg = Release|Any CPU
		{64ADE625-2B40-4B98-87B1-36B01060469B}.Release|Any CPU.Build.0 = Release|Any CPU
	EndGlobalSection
	GlobalSection(SolutionProperties) = preSolution
		HideSolutionNode = FALSE
	EndGlobalSection
	GlobalSection(ExtensibilityGlobals) = postSolution
		SolutionGuid = {01C00354-C12E-4F41-A2E6-F9D0C74D1692}
	EndGlobalSection
EndGlobal
